// !$*UTF8*$!
{
	archiveVersion = 1;
	classes = {
	};
	objectVersion = 51;
	objects = {

/* Begin PBXBuildFile section */
		34A60BFAB5C5AE1630C8A1CA /* Pods_DownloadImage.framework in Frameworks */ = {isa = PBXBuildFile; fileRef = 64D748D6E4B62DF8426EFD2B /* Pods_DownloadImage.framework */; };
		B29BC55E26E21CF5003B75FA /* TNWebImage.framework in Frameworks */ = {isa = PBXBuildFile; fileRef = B29BC55D26E21CF5003B75FA /* TNWebImage.framework */; };
		B29BC55F26E21CF5003B75FA /* TNWebImage.framework in Embed Frameworks */ = {isa = PBXBuildFile; fileRef = B29BC55D26E21CF5003B75FA /* TNWebImage.framework */; settings = {ATTRIBUTES = (CodeSignOnCopy, RemoveHeadersOnCopy, ); }; };
		B29BC56F26E21E9A003B75FA /* Infrastructure.framework in Frameworks */ = {isa = PBXBuildFile; fileRef = B29BC56E26E21E9A003B75FA /* Infrastructure.framework */; };
		B29BC57026E21E9A003B75FA /* Infrastructure.framework in Embed Frameworks */ = {isa = PBXBuildFile; fileRef = B29BC56E26E21E9A003B75FA /* Infrastructure.framework */; settings = {ATTRIBUTES = (CodeSignOnCopy, RemoveHeadersOnCopy, ); }; };
		B29BC59F26E21F32003B75FA /* Data.framework in Frameworks */ = {isa = PBXBuildFile; fileRef = B29BC59E26E21F32003B75FA /* Data.framework */; };
		B29BC5A026E21F32003B75FA /* Data.framework in Embed Frameworks */ = {isa = PBXBuildFile; fileRef = B29BC59E26E21F32003B75FA /* Data.framework */; settings = {ATTRIBUTES = (CodeSignOnCopy, RemoveHeadersOnCopy, ); }; };
		B29BC5A226E21F49003B75FA /* Domain.framework in Frameworks */ = {isa = PBXBuildFile; fileRef = B29BC5A126E21F49003B75FA /* Domain.framework */; };
		B29BC5A326E21F49003B75FA /* Domain.framework in Embed Frameworks */ = {isa = PBXBuildFile; fileRef = B29BC5A126E21F49003B75FA /* Domain.framework */; settings = {ATTRIBUTES = (CodeSignOnCopy, RemoveHeadersOnCopy, ); }; };
		B29C2B782684DD3A003B4F17 /* AppDelegate.swift in Sources */ = {isa = PBXBuildFile; fileRef = B29C2B772684DD3A003B4F17 /* AppDelegate.swift */; };
		B29C2B7A2684DD3A003B4F17 /* SceneDelegate.swift in Sources */ = {isa = PBXBuildFile; fileRef = B29C2B792684DD3A003B4F17 /* SceneDelegate.swift */; };
		B29C2B7C2684DD3A003B4F17 /* ListPhotoViewController.swift in Sources */ = {isa = PBXBuildFile; fileRef = B29C2B7B2684DD3A003B4F17 /* ListPhotoViewController.swift */; };
		B29C2B812684DD3A003B4F17 /* Assets.xcassets in Resources */ = {isa = PBXBuildFile; fileRef = B29C2B802684DD3A003B4F17 /* Assets.xcassets */; };
		B29C2B842684DD3A003B4F17 /* LaunchScreen.storyboard in Resources */ = {isa = PBXBuildFile; fileRef = B29C2B822684DD3A003B4F17 /* LaunchScreen.storyboard */; };
		B2A3A2D026E1186200ECC1BF /* BaseViewController.swift in Sources */ = {isa = PBXBuildFile; fileRef = B2A3A2CF26E1186200ECC1BF /* BaseViewController.swift */; };
		B2A3A2D426E11AD900ECC1BF /* ListPhotoViewModel.swift in Sources */ = {isa = PBXBuildFile; fileRef = B2A3A2D326E11AD900ECC1BF /* ListPhotoViewModel.swift */; };
		B2A3A2D626E11F1F00ECC1BF /* BaseViewModel.swift in Sources */ = {isa = PBXBuildFile; fileRef = B2A3A2D526E11F1F00ECC1BF /* BaseViewModel.swift */; };
		B2A3A2D826E11F3F00ECC1BF /* ViewModelTypeProtocol.swift in Sources */ = {isa = PBXBuildFile; fileRef = B2A3A2D726E11F3F00ECC1BF /* ViewModelTypeProtocol.swift */; };
		B2A3A2E626E123A900ECC1BF /* ObservableExt.swift in Sources */ = {isa = PBXBuildFile; fileRef = B2A3A2E326E123A900ECC1BF /* ObservableExt.swift */; };
		B2A3A2E726E123A900ECC1BF /* ActivityIndicator.swift in Sources */ = {isa = PBXBuildFile; fileRef = B2A3A2E426E123A900ECC1BF /* ActivityIndicator.swift */; };
		B2A3A2E826E123A900ECC1BF /* ErrorTracker.swift in Sources */ = {isa = PBXBuildFile; fileRef = B2A3A2E526E123A900ECC1BF /* ErrorTracker.swift */; };
/* End PBXBuildFile section */

/* Begin PBXCopyFilesBuildPhase section */
		B29BC56026E21CF5003B75FA /* Embed Frameworks */ = {
			isa = PBXCopyFilesBuildPhase;
			buildActionMask = 2147483647;
			dstPath = "";
			dstSubfolderSpec = 10;
			files = (
				B29BC5A326E21F49003B75FA /* Domain.framework in Embed Frameworks */,
				B29BC5A026E21F32003B75FA /* Data.framework in Embed Frameworks */,
				B29BC55F26E21CF5003B75FA /* TNWebImage.framework in Embed Frameworks */,
				B29BC57026E21E9A003B75FA /* Infrastructure.framework in Embed Frameworks */,
			);
			name = "Embed Frameworks";
			runOnlyForDeploymentPostprocessing = 0;
		};
/* End PBXCopyFilesBuildPhase section */

/* Begin PBXFileReference section */
		132B10E8E75AF48F2F971363 /* Pods-DownloadImage.debug.xcconfig */ = {isa = PBXFileReference; includeInIndex = 1; lastKnownFileType = text.xcconfig; name = "Pods-DownloadImage.debug.xcconfig"; path = "Target Support Files/Pods-DownloadImage/Pods-DownloadImage.debug.xcconfig"; sourceTree = "<group>"; };
		64D748D6E4B62DF8426EFD2B /* Pods_DownloadImage.framework */ = {isa = PBXFileReference; explicitFileType = wrapper.framework; includeInIndex = 0; path = Pods_DownloadImage.framework; sourceTree = BUILT_PRODUCTS_DIR; };
		976218C5B58C95AB908EF1C4 /* Pods-DownloadImage.release.xcconfig */ = {isa = PBXFileReference; includeInIndex = 1; lastKnownFileType = text.xcconfig; name = "Pods-DownloadImage.release.xcconfig"; path = "Target Support Files/Pods-DownloadImage/Pods-DownloadImage.release.xcconfig"; sourceTree = "<group>"; };
		B29BC55D26E21CF5003B75FA /* TNWebImage.framework */ = {isa = PBXFileReference; explicitFileType = wrapper.framework; path = TNWebImage.framework; sourceTree = BUILT_PRODUCTS_DIR; };
		B29BC56E26E21E9A003B75FA /* Infrastructure.framework */ = {isa = PBXFileReference; explicitFileType = wrapper.framework; path = Infrastructure.framework; sourceTree = BUILT_PRODUCTS_DIR; };
		B29BC59E26E21F32003B75FA /* Data.framework */ = {isa = PBXFileReference; explicitFileType = wrapper.framework; path = Data.framework; sourceTree = BUILT_PRODUCTS_DIR; };
		B29BC5A126E21F49003B75FA /* Domain.framework */ = {isa = PBXFileReference; explicitFileType = wrapper.framework; path = Domain.framework; sourceTree = BUILT_PRODUCTS_DIR; };
		B29C2B742684DD3A003B4F17 /* DownloadImage.app */ = {isa = PBXFileReference; explicitFileType = wrapper.application; includeInIndex = 0; path = DownloadImage.app; sourceTree = BUILT_PRODUCTS_DIR; };
		B29C2B772684DD3A003B4F17 /* AppDelegate.swift */ = {isa = PBXFileReference; lastKnownFileType = sourcecode.swift; path = AppDelegate.swift; sourceTree = "<group>"; };
		B29C2B792684DD3A003B4F17 /* SceneDelegate.swift */ = {isa = PBXFileReference; lastKnownFileType = sourcecode.swift; path = SceneDelegate.swift; sourceTree = "<group>"; };
		B29C2B7B2684DD3A003B4F17 /* ListPhotoViewController.swift */ = {isa = PBXFileReference; lastKnownFileType = sourcecode.swift; path = ListPhotoViewController.swift; sourceTree = "<group>"; };
		B29C2B802684DD3A003B4F17 /* Assets.xcassets */ = {isa = PBXFileReference; lastKnownFileType = folder.assetcatalog; path = Assets.xcassets; sourceTree = "<group>"; };
		B29C2B832684DD3A003B4F17 /* Base */ = {isa = PBXFileReference; lastKnownFileType = file.storyboard; name = Base; path = Base.lproj/LaunchScreen.storyboard; sourceTree = "<group>"; };
		B29C2B852684DD3A003B4F17 /* Info.plist */ = {isa = PBXFileReference; lastKnownFileType = text.plist.xml; path = Info.plist; sourceTree = "<group>"; };
		B29F96212687672200FFFD31 /* DownloadImage-Bridging-Header.h */ = {isa = PBXFileReference; lastKnownFileType = sourcecode.c.h; path = "DownloadImage-Bridging-Header.h"; sourceTree = "<group>"; };
		B2A3A2CF26E1186200ECC1BF /* BaseViewController.swift */ = {isa = PBXFileReference; lastKnownFileType = sourcecode.swift; path = BaseViewController.swift; sourceTree = "<group>"; };
		B2A3A2D326E11AD900ECC1BF /* ListPhotoViewModel.swift */ = {isa = PBXFileReference; lastKnownFileType = sourcecode.swift; path = ListPhotoViewModel.swift; sourceTree = "<group>"; };
		B2A3A2D526E11F1F00ECC1BF /* BaseViewModel.swift */ = {isa = PBXFileReference; lastKnownFileType = sourcecode.swift; path = BaseViewModel.swift; sourceTree = "<group>"; };
		B2A3A2D726E11F3F00ECC1BF /* ViewModelTypeProtocol.swift */ = {isa = PBXFileReference; lastKnownFileType = sourcecode.swift; path = ViewModelTypeProtocol.swift; sourceTree = "<group>"; };
		B2A3A2E326E123A900ECC1BF /* ObservableExt.swift */ = {isa = PBXFileReference; fileEncoding = 4; lastKnownFileType = sourcecode.swift; path = ObservableExt.swift; sourceTree = "<group>"; };
		B2A3A2E426E123A900ECC1BF /* ActivityIndicator.swift */ = {isa = PBXFileReference; fileEncoding = 4; lastKnownFileType = sourcecode.swift; path = ActivityIndicator.swift; sourceTree = "<group>"; };
		B2A3A2E526E123A900ECC1BF /* ErrorTracker.swift */ = {isa = PBXFileReference; fileEncoding = 4; lastKnownFileType = sourcecode.swift; path = ErrorTracker.swift; sourceTree = "<group>"; };
/* End PBXFileReference section */

/* Begin PBXFrameworksBuildPhase section */
		B29C2B712684DD39003B4F17 /* Frameworks */ = {
			isa = PBXFrameworksBuildPhase;
			buildActionMask = 2147483647;
			files = (
				B29BC5A226E21F49003B75FA /* Domain.framework in Frameworks */,
				B29BC59F26E21F32003B75FA /* Data.framework in Frameworks */,
				B29BC56F26E21E9A003B75FA /* Infrastructure.framework in Frameworks */,
				34A60BFAB5C5AE1630C8A1CA /* Pods_DownloadImage.framework in Frameworks */,
				B29BC55E26E21CF5003B75FA /* TNWebImage.framework in Frameworks */,
			);
			runOnlyForDeploymentPostprocessing = 0;
		};
/* End PBXFrameworksBuildPhase section */

/* Begin PBXGroup section */
		7A8F21E377C8047C037BDF6F /* Pods */ = {
			isa = PBXGroup;
			children = (
				132B10E8E75AF48F2F971363 /* Pods-DownloadImage.debug.xcconfig */,
				976218C5B58C95AB908EF1C4 /* Pods-DownloadImage.release.xcconfig */,
			);
			path = Pods;
			sourceTree = "<group>";
		};
		A18631B42C24A7EC5582121F /* Frameworks */ = {
			isa = PBXGroup;
			children = (
				B29BC5A126E21F49003B75FA /* Domain.framework */,
				B29BC59E26E21F32003B75FA /* Data.framework */,
				B29BC56E26E21E9A003B75FA /* Infrastructure.framework */,
				B29BC55D26E21CF5003B75FA /* TNWebImage.framework */,
				64D748D6E4B62DF8426EFD2B /* Pods_DownloadImage.framework */,
			);
			name = Frameworks;
			sourceTree = "<group>";
		};
		B29C2B6B2684DD39003B4F17 = {
			isa = PBXGroup;
			children = (
				B29C2B762684DD3A003B4F17 /* DownloadImage */,
				B29C2B752684DD3A003B4F17 /* Products */,
				7A8F21E377C8047C037BDF6F /* Pods */,
				A18631B42C24A7EC5582121F /* Frameworks */,
			);
			sourceTree = "<group>";
		};
		B29C2B752684DD3A003B4F17 /* Products */ = {
			isa = PBXGroup;
			children = (
				B29C2B742684DD3A003B4F17 /* DownloadImage.app */,
			);
			name = Products;
			sourceTree = "<group>";
		};
		B29C2B762684DD3A003B4F17 /* DownloadImage */ = {
			isa = PBXGroup;
			children = (
				B29D38A02685DCB8003E1F8B /* Application */,
				B29D38952685DADA003E1F8B /* Presentation */,
				B29D38A22685DCD2003E1F8B /* Resources */,
			);
			path = DownloadImage;
			sourceTree = "<group>";
		};
		B29D38952685DADA003E1F8B /* Presentation */ = {
			isa = PBXGroup;
			children = (
				B2A3A2CE26E1185100ECC1BF /* Utils */,
				B2A3A2CD26E1182100ECC1BF /* ListPhoto */,
			);
			path = Presentation;
			sourceTree = "<group>";
		};
		B29D38A02685DCB8003E1F8B /* Application */ = {
			isa = PBXGroup;
			children = (
				B29C2B792684DD3A003B4F17 /* SceneDelegate.swift */,
				B29C2B772684DD3A003B4F17 /* AppDelegate.swift */,
			);
			path = Application;
			sourceTree = "<group>";
		};
		B29D38A22685DCD2003E1F8B /* Resources */ = {
			isa = PBXGroup;
			children = (
				B29F96212687672200FFFD31 /* DownloadImage-Bridging-Header.h */,
				B29C2B822684DD3A003B4F17 /* LaunchScreen.storyboard */,
				B29C2B802684DD3A003B4F17 /* Assets.xcassets */,
				B29C2B852684DD3A003B4F17 /* Info.plist */,
			);
			path = Resources;
			sourceTree = "<group>";
		};
		B2A3A2CD26E1182100ECC1BF /* ListPhoto */ = {
			isa = PBXGroup;
			children = (
				B2A3A2D226E11ABA00ECC1BF /* ViewModel */,
				B2A3A2D126E11A2400ECC1BF /* Views */,
			);
			path = ListPhoto;
			sourceTree = "<group>";
		};
		B2A3A2CE26E1185100ECC1BF /* Utils */ = {
			isa = PBXGroup;
			children = (
				B2A3A2E426E123A900ECC1BF /* ActivityIndicator.swift */,
				B2A3A2E526E123A900ECC1BF /* ErrorTracker.swift */,
				B2A3A2E326E123A900ECC1BF /* ObservableExt.swift */,
				B2A3A2CF26E1186200ECC1BF /* BaseViewController.swift */,
				B2A3A2D526E11F1F00ECC1BF /* BaseViewModel.swift */,
				B2A3A2D726E11F3F00ECC1BF /* ViewModelTypeProtocol.swift */,
			);
			path = Utils;
			sourceTree = "<group>";
		};
		B2A3A2D126E11A2400ECC1BF /* Views */ = {
			isa = PBXGroup;
			children = (
				B29C2B7B2684DD3A003B4F17 /* ListPhotoViewController.swift */,
			);
			path = Views;
			sourceTree = "<group>";
		};
		B2A3A2D226E11ABA00ECC1BF /* ViewModel */ = {
			isa = PBXGroup;
			children = (
				B2A3A2D326E11AD900ECC1BF /* ListPhotoViewModel.swift */,
			);
			path = ViewModel;
			sourceTree = "<group>";
		};
/* End PBXGroup section */

/* Begin PBXNativeTarget section */
		B29C2B732684DD39003B4F17 /* DownloadImage */ = {
			isa = PBXNativeTarget;
			buildConfigurationList = B29C2B882684DD3A003B4F17 /* Build configuration list for PBXNativeTarget "DownloadImage" */;
			buildPhases = (
				D496435C193136B7642D5911 /* [CP] Check Pods Manifest.lock */,
				B29C2B702684DD39003B4F17 /* Sources */,
				B29C2B712684DD39003B4F17 /* Frameworks */,
				B29C2B722684DD39003B4F17 /* Resources */,
				67CE46C7AC6C7CD1F9398F61 /* [CP] Embed Pods Frameworks */,
				B29BC56026E21CF5003B75FA /* Embed Frameworks */,
			);
			buildRules = (
			);
			dependencies = (
			);
			name = DownloadImage;
			productName = DownloadImage;
			productReference = B29C2B742684DD3A003B4F17 /* DownloadImage.app */;
			productType = "com.apple.product-type.application";
		};
/* End PBXNativeTarget section */

/* Begin PBXProject section */
		B29C2B6C2684DD39003B4F17 /* Project object */ = {
			isa = PBXProject;
			attributes = {
				LastSwiftUpdateCheck = 1250;
				LastUpgradeCheck = 1300;
				TargetAttributes = {
					B29C2B732684DD39003B4F17 = {
						CreatedOnToolsVersion = 12.5.1;
						LastSwiftMigration = 1250;
					};
				};
			};
			buildConfigurationList = B29C2B6F2684DD39003B4F17 /* Build configuration list for PBXProject "DownloadImage" */;
			compatibilityVersion = "Xcode 9.3";
			developmentRegion = en;
			hasScannedForEncodings = 0;
			knownRegions = (
				en,
				Base,
			);
			mainGroup = B29C2B6B2684DD39003B4F17;
			productRefGroup = B29C2B752684DD3A003B4F17 /* Products */;
			projectDirPath = "";
			projectRoot = "";
			targets = (
				B29C2B732684DD39003B4F17 /* DownloadImage */,
			);
		};
/* End PBXProject section */

/* Begin PBXResourcesBuildPhase section */
		B29C2B722684DD39003B4F17 /* Resources */ = {
			isa = PBXResourcesBuildPhase;
			buildActionMask = 2147483647;
			files = (
				B29C2B842684DD3A003B4F17 /* LaunchScreen.storyboard in Resources */,
				B29C2B812684DD3A003B4F17 /* Assets.xcassets in Resources */,
			);
			runOnlyForDeploymentPostprocessing = 0;
		};
/* End PBXResourcesBuildPhase section */

/* Begin PBXShellScriptBuildPhase section */
		67CE46C7AC6C7CD1F9398F61 /* [CP] Embed Pods Frameworks */ = {
			isa = PBXShellScriptBuildPhase;
			buildActionMask = 2147483647;
			files = (
			);
			inputFileListPaths = (
				"${PODS_ROOT}/Target Support Files/Pods-DownloadImage/Pods-DownloadImage-frameworks-${CONFIGURATION}-input-files.xcfilelist",
			);
			name = "[CP] Embed Pods Frameworks";
			outputFileListPaths = (
				"${PODS_ROOT}/Target Support Files/Pods-DownloadImage/Pods-DownloadImage-frameworks-${CONFIGURATION}-output-files.xcfilelist",
			);
			runOnlyForDeploymentPostprocessing = 0;
			shellPath = /bin/sh;
			shellScript = "\"${PODS_ROOT}/Target Support Files/Pods-DownloadImage/Pods-DownloadImage-frameworks.sh\"\n";
			showEnvVarsInLog = 0;
		};
		D496435C193136B7642D5911 /* [CP] Check Pods Manifest.lock */ = {
			isa = PBXShellScriptBuildPhase;
			buildActionMask = 2147483647;
			files = (
			);
			inputFileListPaths = (
			);
			inputPaths = (
				"${PODS_PODFILE_DIR_PATH}/Podfile.lock",
				"${PODS_ROOT}/Manifest.lock",
			);
			name = "[CP] Check Pods Manifest.lock";
			outputFileListPaths = (
			);
			outputPaths = (
				"$(DERIVED_FILE_DIR)/Pods-DownloadImage-checkManifestLockResult.txt",
			);
			runOnlyForDeploymentPostprocessing = 0;
			shellPath = /bin/sh;
			shellScript = "diff \"${PODS_PODFILE_DIR_PATH}/Podfile.lock\" \"${PODS_ROOT}/Manifest.lock\" > /dev/null\nif [ $? != 0 ] ; then\n    # print error to STDERR\n    echo \"error: The sandbox is not in sync with the Podfile.lock. Run 'pod install' or update your CocoaPods installation.\" >&2\n    exit 1\nfi\n# This output is used by Xcode 'outputs' to avoid re-running this script phase.\necho \"SUCCESS\" > \"${SCRIPT_OUTPUT_FILE_0}\"\n";
			showEnvVarsInLog = 0;
		};
/* End PBXShellScriptBuildPhase section */

/* Begin PBXSourcesBuildPhase section */
		B29C2B702684DD39003B4F17 /* Sources */ = {
			isa = PBXSourcesBuildPhase;
			buildActionMask = 2147483647;
			files = (
				B29C2B7C2684DD3A003B4F17 /* ListPhotoViewController.swift in Sources */,
				B29C2B782684DD3A003B4F17 /* AppDelegate.swift in Sources */,
				B2A3A2E626E123A900ECC1BF /* ObservableExt.swift in Sources */,
				B2A3A2D426E11AD900ECC1BF /* ListPhotoViewModel.swift in Sources */,
				B2A3A2D826E11F3F00ECC1BF /* ViewModelTypeProtocol.swift in Sources */,
				B2A3A2E726E123A900ECC1BF /* ActivityIndicator.swift in Sources */,
				B2A3A2D026E1186200ECC1BF /* BaseViewController.swift in Sources */,
				B2A3A2D626E11F1F00ECC1BF /* BaseViewModel.swift in Sources */,
				B29C2B7A2684DD3A003B4F17 /* SceneDelegate.swift in Sources */,
				B2A3A2E826E123A900ECC1BF /* ErrorTracker.swift in Sources */,
			);
			runOnlyForDeploymentPostprocessing = 0;
		};
/* End PBXSourcesBuildPhase section */

/* Begin PBXVariantGroup section */
		B29C2B822684DD3A003B4F17 /* LaunchScreen.storyboard */ = {
			isa = PBXVariantGroup;
			children = (
				B29C2B832684DD3A003B4F17 /* Base */,
			);
			name = LaunchScreen.storyboard;
			sourceTree = "<group>";
		};
/* End PBXVariantGroup section */

/* Begin XCBuildConfiguration section */
		B29C2B862684DD3A003B4F17 /* Debug */ = {
			isa = XCBuildConfiguration;
			buildSettings = {
				ALWAYS_SEARCH_USER_PATHS = NO;
				CLANG_ANALYZER_NONNULL = YES;
				CLANG_ANALYZER_NUMBER_OBJECT_CONVERSION = YES_AGGRESSIVE;
				CLANG_CXX_LANGUAGE_STANDARD = "gnu++14";
				CLANG_CXX_LIBRARY = "libc++";
				CLANG_ENABLE_MODULES = YES;
				CLANG_ENABLE_OBJC_ARC = YES;
				CLANG_ENABLE_OBJC_WEAK = YES;
				CLANG_WARN_BLOCK_CAPTURE_AUTORELEASING = YES;
				CLANG_WARN_BOOL_CONVERSION = YES;
				CLANG_WARN_COMMA = YES;
				CLANG_WARN_CONSTANT_CONVERSION = YES;
				CLANG_WARN_DEPRECATED_OBJC_IMPLEMENTATIONS = YES;
				CLANG_WARN_DIRECT_OBJC_ISA_USAGE = YES_ERROR;
				CLANG_WARN_DOCUMENTATION_COMMENTS = YES;
				CLANG_WARN_EMPTY_BODY = YES;
				CLANG_WARN_ENUM_CONVERSION = YES;
				CLANG_WARN_INFINITE_RECURSION = YES;
				CLANG_WARN_INT_CONVERSION = YES;
				CLANG_WARN_NON_LITERAL_NULL_CONVERSION = YES;
				CLANG_WARN_OBJC_IMPLICIT_RETAIN_SELF = YES;
				CLANG_WARN_OBJC_LITERAL_CONVERSION = YES;
				CLANG_WARN_OBJC_ROOT_CLASS = YES_ERROR;
				CLANG_WARN_QUOTED_INCLUDE_IN_FRAMEWORK_HEADER = YES;
				CLANG_WARN_RANGE_LOOP_ANALYSIS = YES;
				CLANG_WARN_STRICT_PROTOTYPES = YES;
				CLANG_WARN_SUSPICIOUS_MOVE = YES;
				CLANG_WARN_UNGUARDED_AVAILABILITY = YES_AGGRESSIVE;
				CLANG_WARN_UNREACHABLE_CODE = YES;
				CLANG_WARN__DUPLICATE_METHOD_MATCH = YES;
				COPY_PHASE_STRIP = NO;
				DEBUG_INFORMATION_FORMAT = dwarf;
				ENABLE_STRICT_OBJC_MSGSEND = YES;
				ENABLE_TESTABILITY = YES;
				GCC_C_LANGUAGE_STANDARD = gnu11;
				GCC_DYNAMIC_NO_PIC = NO;
				GCC_NO_COMMON_BLOCKS = YES;
				GCC_OPTIMIZATION_LEVEL = 0;
				GCC_PREPROCESSOR_DEFINITIONS = (
					"DEBUG=1",
					"$(inherited)",
				);
				GCC_WARN_64_TO_32_BIT_CONVERSION = YES;
				GCC_WARN_ABOUT_RETURN_TYPE = YES_ERROR;
				GCC_WARN_UNDECLARED_SELECTOR = YES;
				GCC_WARN_UNINITIALIZED_AUTOS = YES_AGGRESSIVE;
				GCC_WARN_UNUSED_FUNCTION = YES;
				GCC_WARN_UNUSED_VARIABLE = YES;
				IPHONEOS_DEPLOYMENT_TARGET = 10.2;
				MTL_ENABLE_DEBUG_INFO = INCLUDE_SOURCE;
				MTL_FAST_MATH = YES;
				ONLY_ACTIVE_ARCH = YES;
				SDKROOT = iphoneos;
				SWIFT_ACTIVE_COMPILATION_CONDITIONS = DEBUG;
				SWIFT_OPTIMIZATION_LEVEL = "-Onone";
			};
			name = Debug;
		};
		B29C2B872684DD3A003B4F17 /* Release */ = {
			isa = XCBuildConfiguration;
			buildSettings = {
				ALWAYS_SEARCH_USER_PATHS = NO;
				CLANG_ANALYZER_NONNULL = YES;
				CLANG_ANALYZER_NUMBER_OBJECT_CONVERSION = YES_AGGRESSIVE;
				CLANG_CXX_LANGUAGE_STANDARD = "gnu++14";
				CLANG_CXX_LIBRARY = "libc++";
				CLANG_ENABLE_MODULES = YES;
				CLANG_ENABLE_OBJC_ARC = YES;
				CLANG_ENABLE_OBJC_WEAK = YES;
				CLANG_WARN_BLOCK_CAPTURE_AUTORELEASING = YES;
				CLANG_WARN_BOOL_CONVERSION = YES;
				CLANG_WARN_COMMA = YES;
				CLANG_WARN_CONSTANT_CONVERSION = YES;
				CLANG_WARN_DEPRECATED_OBJC_IMPLEMENTATIONS = YES;
				CLANG_WARN_DIRECT_OBJC_ISA_USAGE = YES_ERROR;
				CLANG_WARN_DOCUMENTATION_COMMENTS = YES;
				CLANG_WARN_EMPTY_BODY = YES;
				CLANG_WARN_ENUM_CONVERSION = YES;
				CLANG_WARN_INFINITE_RECURSION = YES;
				CLANG_WARN_INT_CONVERSION = YES;
				CLANG_WARN_NON_LITERAL_NULL_CONVERSION = YES;
				CLANG_WARN_OBJC_IMPLICIT_RETAIN_SELF = YES;
				CLANG_WARN_OBJC_LITERAL_CONVERSION = YES;
				CLANG_WARN_OBJC_ROOT_CLASS = YES_ERROR;
				CLANG_WARN_QUOTED_INCLUDE_IN_FRAMEWORK_HEADER = YES;
				CLANG_WARN_RANGE_LOOP_ANALYSIS = YES;
				CLANG_WARN_STRICT_PROTOTYPES = YES;
				CLANG_WARN_SUSPICIOUS_MOVE = YES;
				CLANG_WARN_UNGUARDED_AVAILABILITY = YES_AGGRESSIVE;
				CLANG_WARN_UNREACHABLE_CODE = YES;
				CLANG_WARN__DUPLICATE_METHOD_MATCH = YES;
				COPY_PHASE_STRIP = NO;
				DEBUG_INFORMATION_FORMAT = "dwarf-with-dsym";
				ENABLE_NS_ASSERTIONS = NO;
				ENABLE_STRICT_OBJC_MSGSEND = YES;
				GCC_C_LANGUAGE_STANDARD = gnu11;
				GCC_NO_COMMON_BLOCKS = YES;
				GCC_WARN_64_TO_32_BIT_CONVERSION = YES;
				GCC_WARN_ABOUT_RETURN_TYPE = YES_ERROR;
				GCC_WARN_UNDECLARED_SELECTOR = YES;
				GCC_WARN_UNINITIALIZED_AUTOS = YES_AGGRESSIVE;
				GCC_WARN_UNUSED_FUNCTION = YES;
				GCC_WARN_UNUSED_VARIABLE = YES;
				IPHONEOS_DEPLOYMENT_TARGET = 10.2;
				MTL_ENABLE_DEBUG_INFO = NO;
				MTL_FAST_MATH = YES;
				SDKROOT = iphoneos;
				SWIFT_COMPILATION_MODE = wholemodule;
				SWIFT_OPTIMIZATION_LEVEL = "-O";
				VALIDATE_PRODUCT = YES;
			};
			name = Release;
		};
		B29C2B892684DD3A003B4F17 /* Debug */ = {
			isa = XCBuildConfiguration;
			baseConfigurationReference = 132B10E8E75AF48F2F971363 /* Pods-DownloadImage.debug.xcconfig */;
			buildSettings = {
				ASSETCATALOG_COMPILER_APPICON_NAME = AppIcon;
				ASSETCATALOG_COMPILER_GLOBAL_ACCENT_COLOR_NAME = AccentColor;
				CLANG_ENABLE_MODULES = YES;
				CODE_SIGN_IDENTITY = "Apple Development";
				CODE_SIGN_STYLE = Automatic;
				DEVELOPMENT_TEAM = T5C62MBXTS;
				INFOPLIST_FILE = DownloadImage/Resources/Info.plist;
				IPHONEOS_DEPLOYMENT_TARGET = 10.0;
				LD_RUNPATH_SEARCH_PATHS = (
					"$(inherited)",
					"@executable_path/Frameworks",
				);
				PRODUCT_BUNDLE_IDENTIFIER = com.trieunguyen.DownloadImage;
				PRODUCT_NAME = "$(TARGET_NAME)";
				PROVISIONING_PROFILE_SPECIFIER = "";
				SUPPORTS_MACCATALYST = NO;
				SWIFT_OBJC_BRIDGING_HEADER = "DownloadImage/Resources/DownloadImage-Bridging-Header.h";
				SWIFT_OPTIMIZATION_LEVEL = "-Onone";
				SWIFT_VERSION = 5.0;
				TARGETED_DEVICE_FAMILY = "1,2";
			};
			name = Debug;
		};
		B29C2B8A2684DD3A003B4F17 /* Release */ = {
			isa = XCBuildConfiguration;
			baseConfigurationReference = 976218C5B58C95AB908EF1C4 /* Pods-DownloadImage.release.xcconfig */;
			buildSettings = {
				ASSETCATALOG_COMPILER_APPICON_NAME = AppIcon;
				ASSETCATALOG_COMPILER_GLOBAL_ACCENT_COLOR_NAME = AccentColor;
				CLANG_ENABLE_MODULES = YES;
				CODE_SIGN_IDENTITY = "Apple Development";
				CODE_SIGN_STYLE = Automatic;
				DEVELOPMENT_TEAM = T5C62MBXTS;
				INFOPLIST_FILE = DownloadImage/Resources/Info.plist;
				IPHONEOS_DEPLOYMENT_TARGET = 10.0;
				LD_RUNPATH_SEARCH_PATHS = (
					"$(inherited)",
					"@executable_path/Frameworks",
				);
				PRODUCT_BUNDLE_IDENTIFIER = com.trieunguyen.DownloadImage;
				PRODUCT_NAME = "$(TARGET_NAME)";
				PROVISIONING_PROFILE_SPECIFIER = "";
				SUPPORTS_MACCATALYST = NO;
				SWIFT_OBJC_BRIDGING_HEADER = "DownloadImage/Resources/DownloadImage-Bridging-Header.h";
				SWIFT_VERSION = 5.0;
				TARGETED_DEVICE_FAMILY = "1,2";
			};
			name = Release;
		};
/* End XCBuildConfiguration section */

/* Begin XCConfigurationList section */
		B29C2B6F2684DD39003B4F17 /* Build configuration list for PBXProject "DownloadImage" */ = {
			isa = XCConfigurationList;
			buildConfigurations = (
				B29C2B862684DD3A003B4F17 /* Debug */,
				B29C2B872684DD3A003B4F17 /* Release */,
			);
			defaultConfigurationIsVisible = 0;
			defaultConfigurationName = Release;
		};
		B29C2B882684DD3A003B4F17 /* Build configuration list for PBXNativeTarget "DownloadImage" */ = {
			isa = XCConfigurationList;
			buildConfigurations = (
				B29C2B892684DD3A003B4F17 /* Debug */,
				B29C2B8A2684DD3A003B4F17 /* Release */,
			);
			defaultConfigurationIsVisible = 0;
			defaultConfigurationName = Release;
		};
/* End XCConfigurationList section */
	};
	rootObject = B29C2B6C2684DD39003B4F17 /* Project object */;
}
